
Microsoft Visual Studio Solution File, Format Version 12.00
# Visual Studio Version 17
VisualStudioVersion = 17.0.31912.275
MinimumVisualStudioVersion = 10.0.40219.1
Project("{FAE04EC0-301F-11D3-BF4B-00C04F79EFBC}") = "NativeMenuBarTest", "NativeMenuBarTest\NativeMenuBarTest.csproj", "{B1D820D4-C757-4E5E-BACC-0AD34C2FA14F}"
EndProject
Project("{9A19103F-16F7-4668-BE54-9A1E7A4F7556}") = "NativeMenuBar", "NativeMenuBar\NativeMenuBar.csproj", "{EB2B524A-C5F6-4BBC-A154-2E513677A202}"
EndProject
Project("{FAE04EC0-301F-11D3-BF4B-00C04F79EFBC}") = "NativeMenuBar.SerializableObjects", "NativeMenuBar.SerializableObjects\NativeMenuBar.SerializableObjects.csproj", "{8F2FA6BD-E5EE-4D43-B18F-F258A783EEEE}"
EndProject
Project("{FAE04EC0-301F-11D3-BF4B-00C04F79EFBC}") = "NativeMenuBarNet7Test", "NativeMenuBarNet7Test\NativeMenuBarNet7Test.csproj", "{A176ED1C-BB62-4829-8D15-B2D1FB2EC936}"
EndProject
Project("{FAE04EC0-301F-11D3-BF4B-00C04F79EFBC}") = "NativeMenuBar.Hooks.NETWindowMessageHook", "NativeMenuBar.Hooks.NETWindowMessageHook\NativeMenuBar.Hooks.NETWindowMessageHook.csproj", "{5434CB1D-3A49-4306-A875-0255DA3CED4E}"
EndProject
Global
	GlobalSection(SolutionConfigurationPlatforms) = preSolution
		Debug|Any CPU = Debug|Any CPU
		Debug|x64 = Debug|x64
		Debug|x86 = Debug|x86
		Release|Any CPU = Release|Any CPU
		Release|x64 = Release|x64
		Release|x86 = Release|x86
		ReleaseToUnityProject|Any CPU = ReleaseToUnityProject|Any CPU
		ReleaseToUnityProject|x64 = ReleaseToUnityProject|x64
		ReleaseToUnityProject|x86 = ReleaseToUnityProject|x86
	EndGlobalSection
	GlobalSection(ProjectConfigurationPlatforms) = postSolution
		{B1D820D4-C757-4E5E-BACC-0AD34C2FA14F}.Debug|Any CPU.ActiveCfg = Debug|Any CPU
		{B1D820D4-C757-4E5E-BACC-0AD34C2FA14F}.Debug|Any CPU.Build.0 = Debug|Any CPU
		{B1D820D4-C757-4E5E-BACC-0AD34C2FA14F}.Debug|x64.ActiveCfg = Debug|Any CPU
		{B1D820D4-C757-4E5E-BACC-0AD34C2FA14F}.Debug|x64.Build.0 = Debug|Any CPU
		{B1D820D4-C757-4E5E-BACC-0AD34C2FA14F}.Debug|x86.ActiveCfg = Debug|Any CPU
		{B1D820D4-C757-4E5E-BACC-0AD34C2FA14F}.Debug|x86.Build.0 = Debug|Any CPU
		{B1D820D4-C757-4E5E-BACC-0AD34C2FA14F}.Release|Any CPU.ActiveCfg = Release|Any CPU
		{B1D820D4-C757-4E5E-BACC-0AD34C2FA14F}.Release|Any CPU.Build.0 = Release|Any CPU
		{B1D820D4-C757-4E5E-BACC-0AD34C2FA14F}.Release|x64.ActiveCfg = Release|Any CPU
		{B1D820D4-C757-4E5E-BACC-0AD34C2FA14F}.Release|x64.Build.0 = Release|Any CPU
		{B1D820D4-C757-4E5E-BACC-0AD34C2FA14F}.Release|x86.ActiveCfg = Release|Any CPU
		{B1D820D4-C757-4E5E-BACC-0AD34C2FA14F}.Release|x86.Build.0 = Release|Any CPU
		{B1D820D4-C757-4E5E-BACC-0AD34C2FA14F}.ReleaseToUnityProject|Any CPU.ActiveCfg = Release|Any CPU
		{B1D820D4-C757-4E5E-BACC-0AD34C2FA14F}.ReleaseToUnityProject|x64.ActiveCfg = Release|Any CPU
		{B1D820D4-C757-4E5E-BACC-0AD34C2FA14F}.ReleaseToUnityProject|x64.Build.0 = Release|Any CPU
		{B1D820D4-C757-4E5E-BACC-0AD34C2FA14F}.ReleaseToUnityProject|x86.ActiveCfg = Release|Any CPU
		{B1D820D4-C757-4E5E-BACC-0AD34C2FA14F}.ReleaseToUnityProject|x86.Build.0 = Release|Any CPU
		{EB2B524A-C5F6-4BBC-A154-2E513677A202}.Debug|Any CPU.ActiveCfg = Debug|Any CPU
		{EB2B524A-C5F6-4BBC-A154-2E513677A202}.Debug|Any CPU.Build.0 = Debug|Any CPU
		{EB2B524A-C5F6-4BBC-A154-2E513677A202}.Debug|x64.ActiveCfg = Debug|Any CPU
		{EB2B524A-C5F6-4BBC-A154-2E513677A202}.Debug|x64.Build.0 = Debug|Any CPU
		{EB2B524A-C5F6-4BBC-A154-2E513677A202}.Debug|x86.ActiveCfg = Debug|Any CPU
		{EB2B524A-C5F6-4BBC-A154-2E513677A202}.Debug|x86.Build.0 = Debug|Any CPU
		{EB2B524A-C5F6-4BBC-A154-2E513677A202}.Release|Any CPU.ActiveCfg = Release|Any CPU
		{EB2B524A-C5F6-4BBC-A154-2E513677A202}.Release|Any CPU.Build.0 = Release|Any CPU
		{EB2B524A-C5F6-4BBC-A154-2E513677A202}.Release|x64.ActiveCfg = Release|Any CPU
		{EB2B524A-C5F6-4BBC-A154-2E513677A202}.Release|x64.Build.0 = Release|Any CPU
		{EB2B524A-C5F6-4BBC-A154-2E513677A202}.Release|x86.ActiveCfg = Release|Any CPU
		{EB2B524A-C5F6-4BBC-A154-2E513677A202}.Release|x86.Build.0 = Release|Any CPU
		{EB2B524A-C5F6-4BBC-A154-2E513677A202}.ReleaseToUnityProject|Any CPU.ActiveCfg = Release|Any CPU
		{EB2B524A-C5F6-4BBC-A154-2E513677A202}.ReleaseToUnityProject|Any CPU.Build.0 = Release|Any CPU
		{EB2B524A-C5F6-4BBC-A154-2E513677A202}.ReleaseToUnityProject|x64.ActiveCfg = Release|Any CPU
		{EB2B524A-C5F6-4BBC-A154-2E513677A202}.ReleaseToUnityProject|x64.Build.0 = Release|Any CPU
		{EB2B524A-C5F6-4BBC-A154-2E513677A202}.ReleaseToUnityProject|x86.ActiveCfg = Release|Any CPU
		{EB2B524A-C5F6-4BBC-A154-2E513677A202}.ReleaseToUnityProject|x86.Build.0 = Release|Any CPU
		{8F2FA6BD-E5EE-4D43-B18F-F258A783EEEE}.Debug|Any CPU.ActiveCfg = Debug|Any CPU
		{8F2FA6BD-E5EE-4D43-B18F-F258A783EEEE}.Debug|Any CPU.Build.0 = Debug|Any CPU
		{8F2FA6BD-E5EE-4D43-B18F-F258A783EEEE}.Debug|x64.ActiveCfg = Debug|Any CPU
		{8F2FA6BD-E5EE-4D43-B18F-F258A783EEEE}.Debug|x64.Build.0 = Debug|Any CPU
		{8F2FA6BD-E5EE-4D43-B18F-F258A783EEEE}.Debug|x86.ActiveCfg = Debug|Any CPU
		{8F2FA6BD-E5EE-4D43-B18F-F258A783EEEE}.Debug|x86.Build.0 = Debug|Any CPU
		{8F2FA6BD-E5EE-4D43-B18F-F258A783EEEE}.Release|Any CPU.ActiveCfg = Release|Any CPU
		{8F2FA6BD-E5EE-4D43-B18F-F258A783EEEE}.Release|Any CPU.Build.0 = Release|Any CPU
		{8F2FA6BD-E5EE-4D43-B18F-F258A783EEEE}.Release|x64.ActiveCfg = Release|Any CPU
		{8F2FA6BD-E5EE-4D43-B18F-F258A783EEEE}.Release|x64.Build.0 = Release|Any CPU
		{8F2FA6BD-E5EE-4D43-B18F-F258A783EEEE}.Release|x86.ActiveCfg = Release|Any CPU
		{8F2FA6BD-E5EE-4D43-B18F-F258A783EEEE}.Release|x86.Build.0 = Release|Any CPU
		{8F2FA6BD-E5EE-4D43-B18F-F258A783EEEE}.ReleaseToUnityProject|Any CPU.ActiveCfg = Release|Any CPU
		{8F2FA6BD-E5EE-4D43-B18F-F258A783EEEE}.ReleaseToUnityProject|Any CPU.Build.0 = Release|Any CPU
		{8F2FA6BD-E5EE-4D43-B18F-F258A783EEEE}.ReleaseToUnityProject|x64.ActiveCfg = Release|Any CPU
		{8F2FA6BD-E5EE-4D43-B18F-F258A783EEEE}.ReleaseToUnityProject|x64.Build.0 = Release|Any CPU
		{8F2FA6BD-E5EE-4D43-B18F-F258A783EEEE}.ReleaseToUnityProject|x86.ActiveCfg = Release|Any CPU
		{8F2FA6BD-E5EE-4D43-B18F-F258A783EEEE}.ReleaseToUnityProject|x86.Build.0 = Release|Any CPU
		{A176ED1C-BB62-4829-8D15-B2D1FB2EC936}.Debug|Any CPU.ActiveCfg = Debug|Any CPU
		{A176ED1C-BB62-4829-8D15-B2D1FB2EC936}.Debug|Any CPU.Build.0 = Debug|Any CPU
		{A176ED1C-BB62-4829-8D15-B2D1FB2EC936}.Debug|x64.ActiveCfg = Debug|Any CPU
		{A176ED1C-BB62-4829-8D15-B2D1FB2EC936}.Debug|x64.Build.0 = Debug|Any CPU
		{A176ED1C-BB62-4829-8D15-B2D1FB2EC936}.Debug|x86.ActiveCfg = Debug|Any CPU
		{A176ED1C-BB62-4829-8D15-B2D1FB2EC936}.Debug|x86.Build.0 = Debug|Any CPU
		{A176ED1C-BB62-4829-8D15-B2D1FB2EC936}.Release|Any CPU.ActiveCfg = Release|Any CPU
		{A176ED1C-BB62-4829-8D15-B2D1FB2EC936}.Release|Any CPU.Build.0 = Release|Any CPU
		{A176ED1C-BB62-4829-8D15-B2D1FB2EC936}.Release|x64.ActiveCfg = Release|Any CPU
		{A176ED1C-BB62-4829-8D15-B2D1FB2EC936}.Release|x64.Build.0 = Release|Any CPU
		{A176ED1C-BB62-4829-8D15-B2D1FB2EC936}.Release|x86.ActiveCfg = Release|Any CPU
		{A176ED1C-BB62-4829-8D15-B2D1FB2EC936}.Release|x86.Build.0 = Release|Any CPU
		{A176ED1C-BB62-4829-8D15-B2D1FB2EC936}.ReleaseToUnityProject|Any CPU.ActiveCfg = Release|Any CPU
		{A176ED1C-BB62-4829-8D15-B2D1FB2EC936}.ReleaseToUnityProject|Any CPU.Build.0 = Release|Any CPU
		{A176ED1C-BB62-4829-8D15-B2D1FB2EC936}.ReleaseToUnityProject|x64.ActiveCfg = Release|Any CPU
		{A176ED1C-BB62-4829-8D15-B2D1FB2EC936}.ReleaseToUnityProject|x64.Build.0 = Release|Any CPU
		{A176ED1C-BB62-4829-8D15-B2D1FB2EC936}.ReleaseToUnityProject|x86.ActiveCfg = Release|Any CPU
		{A176ED1C-BB62-4829-8D15-B2D1FB2EC936}.ReleaseToUnityProject|x86.Build.0 = Release|Any CPU
		{5434CB1D-3A49-4306-A875-0255DA3CED4E}.Debug|Any CPU.ActiveCfg = Debug|Any CPU
		{5434CB1D-3A49-4306-A875-0255DA3CED4E}.Debug|Any CPU.Build.0 = Debug|Any CPU
		{5434CB1D-3A49-4306-A875-0255DA3CED4E}.Debug|x64.ActiveCfg = Debug|Any CPU
		{5434CB1D-3A49-4306-A875-0255DA3CED4E}.Debug|x64.Build.0 = Debug|Any CPU
		{5434CB1D-3A49-4306-A875-0255DA3CED4E}.Debug|x86.ActiveCfg = Debug|Any CPU
		{5434CB1D-3A49-4306-A875-0255DA3CED4E}.Debug|x86.Build.0 = Debug|Any CPU
		{5434CB1D-3A49-4306-A875-0255DA3CED4E}.Release|Any CPU.ActiveCfg = Release|Any CPU
		{5434CB1D-3A49-4306-A875-0255DA3CED4E}.Release|Any CPU.Build.0 = Release|Any CPU
		{5434CB1D-3A49-4306-A875-0255DA3CED4E}.Release|x64.ActiveCfg = Release|Any CPU
		{5434CB1D-3A49-4306-A875-0255DA3CED4E}.Release|x64.Build.0 = Release|Any CPU
		{5434CB1D-3A49-4306-A875-0255DA3CED4E}.Release|x86.ActiveCfg = Release|Any CPU
		{5434CB1D-3A49-4306-A875-0255DA3CED4E}.Release|x86.Build.0 = Release|Any CPU
		{5434CB1D-3A49-4306-A875-0255DA3CED4E}.ReleaseToUnityProject|Any CPU.ActiveCfg = Release|Any CPU
		{5434CB1D-3A49-4306-A875-0255DA3CED4E}.ReleaseToUnityProject|Any CPU.Build.0 = Release|Any CPU
		{5434CB1D-3A49-4306-A875-0255DA3CED4E}.ReleaseToUnityProject|x64.ActiveCfg = Release|Any CPU
		{5434CB1D-3A49-4306-A875-0255DA3CED4E}.ReleaseToUnityProject|x64.Build.0 = Release|Any CPU
		{5434CB1D-3A49-4306-A875-0255DA3CED4E}.ReleaseToUnityProject|x86.ActiveCfg = Release|Any CPU
		{5434CB1D-3A49-4306-A875-0255DA3CED4E}.ReleaseToUnityProject|x86.Build.0 = Release|Any CPU
	EndGlobalSection
	GlobalSection(SolutionProperties) = preSolution
		HideSolutionNode = FALSE
	EndGlobalSection
	GlobalSection(ExtensibilityGlobals) = postSolution
		SolutionGuid = {1F4EB8A2-5D42-4174-8DC9-4E468E3B0F48}
	EndGlobalSection
EndGlobal
